// !$*UTF8*$!
{
	archiveVersion = 1;
	classes = {
	};
	objectVersion = 50;
	objects = {

/* Begin PBXBuildFile section */
		D41BD8AC283DBCF2004DCD79 /* AppDelegate.swift in Sources */ = {isa = PBXBuildFile; fileRef = D41BD8AB283DBCF2004DCD79 /* AppDelegate.swift */; };
		D41BD8AE283DBCF2004DCD79 /* SceneDelegate.swift in Sources */ = {isa = PBXBuildFile; fileRef = D41BD8AD283DBCF2004DCD79 /* SceneDelegate.swift */; };
		D41BD8B0283DBCF2004DCD79 /* ViewController.swift in Sources */ = {isa = PBXBuildFile; fileRef = D41BD8AF283DBCF2004DCD79 /* ViewController.swift */; };
		D41BD8B3283DBCF2004DCD79 /* Main.storyboard in Resources */ = {isa = PBXBuildFile; fileRef = D41BD8B1283DBCF2004DCD79 /* Main.storyboard */; };
		D41BD8B5283DBCF3004DCD79 /* Assets.xcassets in Resources */ = {isa = PBXBuildFile; fileRef = D41BD8B4283DBCF3004DCD79 /* Assets.xcassets */; };
		D41BD8B8283DBCF3004DCD79 /* LaunchScreen.storyboard in Resources */ = {isa = PBXBuildFile; fileRef = D41BD8B6283DBCF3004DCD79 /* LaunchScreen.storyboard */; };
		D41BD8C1283DC270004DCD79 /* MyTableViewCell.swift in Sources */ = {isa = PBXBuildFile; fileRef = D41BD8C0283DC270004DCD79 /* MyTableViewCell.swift */; };
		D42C42162849C7EF001588F4 /* DetailViewController.swift in Sources */ = {isa = PBXBuildFile; fileRef = D42C42152849C7EF001588F4 /* DetailViewController.swift */; };
		D42C421B2849CD16001588F4 /* MapViewController.swift in Sources */ = {isa = PBXBuildFile; fileRef = D42C421A2849CD16001588F4 /* MapViewController.swift */; };
/* End PBXBuildFile section */

/* Begin PBXFileReference section */
		D41BD8A8283DBCF2004DCD79 /* MovieKsh.app */ = {isa = PBXFileReference; explicitFileType = wrapper.application; includeInIndex = 0; path = MovieKsh.app; sourceTree = BUILT_PRODUCTS_DIR; };
		D41BD8AB283DBCF2004DCD79 /* AppDelegate.swift */ = {isa = PBXFileReference; lastKnownFileType = sourcecode.swift; path = AppDelegate.swift; sourceTree = "<group>"; };
		D41BD8AD283DBCF2004DCD79 /* SceneDelegate.swift */ = {isa = PBXFileReference; lastKnownFileType = sourcecode.swift; path = SceneDelegate.swift; sourceTree = "<group>"; };
		D41BD8AF283DBCF2004DCD79 /* ViewController.swift */ = {isa = PBXFileReference; lastKnownFileType = sourcecode.swift; path = ViewController.swift; sourceTree = "<group>"; };
		D41BD8B2283DBCF2004DCD79 /* Base */ = {isa = PBXFileReference; lastKnownFileType = file.storyboard; name = Base; path = Base.lproj/Main.storyboard; sourceTree = "<group>"; };
		D41BD8B4283DBCF3004DCD79 /* Assets.xcassets */ = {isa = PBXFileReference; lastKnownFileType = folder.assetcatalog; path = Assets.xcassets; sourceTree = "<group>"; };
		D41BD8B7283DBCF3004DCD79 /* Base */ = {isa = PBXFileReference; lastKnownFileType = file.storyboard; name = Base; path = Base.lproj/LaunchScreen.storyboard; sourceTree = "<group>"; };
		D41BD8B9283DBCF3004DCD79 /* Info.plist */ = {isa = PBXFileReference; lastKnownFileType = text.plist.xml; path = Info.plist; sourceTree = "<group>"; };
		D41BD8C0283DC270004DCD79 /* MyTableViewCell.swift */ = {isa = PBXFileReference; lastKnownFileType = sourcecode.swift; path = MyTableViewCell.swift; sourceTree = "<group>"; };
		D42C42152849C7EF001588F4 /* DetailViewController.swift */ = {isa = PBXFileReference; lastKnownFileType = sourcecode.swift; path = DetailViewController.swift; sourceTree = "<group>"; };
		D42C421A2849CD16001588F4 /* MapViewController.swift */ = {isa = PBXFileReference; lastKnownFileType = sourcecode.swift; path = MapViewController.swift; sourceTree = "<group>"; };
/* End PBXFileReference section */

/* Begin PBXFrameworksBuildPhase section */
		D41BD8A5283DBCF2004DCD79 /* Frameworks */ = {
			isa = PBXFrameworksBuildPhase;
			buildActionMask = 2147483647;
			files = (
			);
			runOnlyForDeploymentPostprocessing = 0;
		};
/* End PBXFrameworksBuildPhase section */

/* Begin PBXGroup section */
		D41BD89F283DBCF2004DCD79 = {
			isa = PBXGroup;
			children = (
				D41BD8AA283DBCF2004DCD79 /* MovieKsh */,
				D41BD8A9283DBCF2004DCD79 /* Products */,
			);
			sourceTree = "<group>";
		};
		D41BD8A9283DBCF2004DCD79 /* Products */ = {
			isa = PBXGroup;
			children = (
				D41BD8A8283DBCF2004DCD79 /* MovieKsh.app */,
			);
			name = Products;
			sourceTree = "<group>";
		};
		D41BD8AA283DBCF2004DCD79 /* MovieKsh */ = {
			isa = PBXGroup;
			children = (
				D41BD8AB283DBCF2004DCD79 /* AppDelegate.swift */,
				D41BD8AD283DBCF2004DCD79 /* SceneDelegate.swift */,
				D41BD8AF283DBCF2004DCD79 /* ViewController.swift */,
				D41BD8C0283DC270004DCD79 /* MyTableViewCell.swift */,
				D42C421A2849CD16001588F4 /* MapViewController.swift */,
				D42C42152849C7EF001588F4 /* DetailViewController.swift */,
				D41BD8B1283DBCF2004DCD79 /* Main.storyboard */,
				D41BD8B4283DBCF3004DCD79 /* Assets.xcassets */,
				D41BD8B6283DBCF3004DCD79 /* LaunchScreen.storyboard */,
				D41BD8B9283DBCF3004DCD79 /* Info.plist */,
			);
			path = MovieKsh;
			sourceTree = "<group>";
		};
/* End PBXGroup section */

/* Begin PBXNativeTarget section */
		D41BD8A7283DBCF2004DCD79 /* MovieKsh */ = {
			isa = PBXNativeTarget;
			buildConfigurationList = D41BD8BC283DBCF3004DCD79 /* Build configuration list for PBXNativeTarget "MovieKsh" */;
			buildPhases = (
				D41BD8A4283DBCF2004DCD79 /* Sources */,
				D41BD8A5283DBCF2004DCD79 /* Frameworks */,
				D41BD8A6283DBCF2004DCD79 /* Resources */,
			);
			buildRules = (
			);
			dependencies = (
			);
			name = MovieKsh;
			productName = MovieKsh;
			productReference = D41BD8A8283DBCF2004DCD79 /* MovieKsh.app */;
			productType = "com.apple.product-type.application";
		};
/* End PBXNativeTarget section */

/* Begin PBXProject section */
		D41BD8A0283DBCF2004DCD79 /* Project object */ = {
			isa = PBXProject;
			attributes = {
				LastSwiftUpdateCheck = 1200;
				LastUpgradeCheck = 1200;
				TargetAttributes = {
					D41BD8A7283DBCF2004DCD79 = {
						CreatedOnToolsVersion = 12.0;
					};
				};
			};
			buildConfigurationList = D41BD8A3283DBCF2004DCD79 /* Build configuration list for PBXProject "MovieKsh" */;
			compatibilityVersion = "Xcode 9.3";
			developmentRegion = en;
			hasScannedForEncodings = 0;
			knownRegions = (
				en,
				Base,
			);
			mainGroup = D41BD89F283DBCF2004DCD79;
			productRefGroup = D41BD8A9283DBCF2004DCD79 /* Products */;
			projectDirPath = "";
			projectRoot = "";
			targets = (
				D41BD8A7283DBCF2004DCD79 /* MovieKsh */,
			);
		};
/* End PBXProject section */

/* Begin PBXResourcesBuildPhase section */
		D41BD8A6283DBCF2004DCD79 /* Resources */ = {
			isa = PBXResourcesBuildPhase;
			buildActionMask = 2147483647;
			files = (
				D41BD8B8283DBCF3004DCD79 /* LaunchScreen.storyboard in Resources */,
				D41BD8B5283DBCF3004DCD79 /* Assets.xcassets in Resources */,
				D41BD8B3283DBCF2004DCD79 /* Main.storyboard in Resources */,
			);
			runOnlyForDeploymentPostprocessing = 0;
		};
/* End PBXResourcesBuildPhase section */

/* Begin PBXSourcesBuildPhase section */
		D41BD8A4283DBCF2004DCD79 /* Sources */ = {
			isa = PBXSourcesBuildPhase;
			buildActionMask = 2147483647;
			files = (
				D41BD8B0283DBCF2004DCD79 /* ViewController.swift in Sources */,
				D42C421B2849CD16001588F4 /* MapViewController.swift in Sources */,
				D41BD8C1283DC270004DCD79 /* MyTableViewCell.swift in Sources */,
				D42C42162849C7EF001588F4 /* DetailViewController.swift in Sources */,
				D41BD8AC283DBCF2004DCD79 /* AppDelegate.swift in Sources */,
				D41BD8AE283DBCF2004DCD79 /* SceneDelegate.swift in Sources */,
			);
			runOnlyForDeploymentPostprocessing = 0;
		};
/* End PBXSourcesBuildPhase section */

/* Begin PBXVariantGroup section */
		D41BD8B1283DBCF2004DCD79 /* Main.storyboard */ = {
			isa = PBXVariantGroup;
			children = (
				D41BD8B2283DBCF2004DCD79 /* Base */,
			);
			name = Main.storyboard;
			sourceTree = "<group>";
		};
		D41BD8B6283DBCF3004DCD79 /* LaunchScreen.storyboard */ = {
			isa = PBXVariantGroup;
			children = (
				D41BD8B7283DBCF3004DCD79 /* Base */,
			);
			name = LaunchScreen.storyboard;
			sourceTree = "<group>";
		};
/* End PBXVariantGroup section */

/* Begin XCBuildConfiguration section */
		D41BD8BA283DBCF3004DCD79 /* Debug */ = {
			isa = XCBuildConfiguration;
			buildSettings = {
				ALWAYS_SEARCH_USER_PATHS = NO;
				CLANG_ANALYZER_NONNULL = YES;
				CLANG_ANALYZER_NUMBER_OBJECT_CONVERSION = YES_AGGRESSIVE;
				CLANG_CXX_LANGUAGE_STANDARD = "gnu++14";
				CLANG_CXX_LIBRARY = "libc++";
				CLANG_ENABLE_MODULES = YES;
				CLANG_ENABLE_OBJC_ARC = YES;
				CLANG_ENABLE_OBJC_WEAK = YES;
				CLANG_WARN_BLOCK_CAPTURE_AUTORELEASING = YES;
				CLANG_WARN_BOOL_CONVERSION = YES;
				CLANG_WARN_COMMA = YES;
				CLANG_WARN_CONSTANT_CONVERSION = YES;
				CLANG_WARN_DEPRECATED_OBJC_IMPLEMENTATIONS = YES;
				CLANG_WARN_DIRECT_OBJC_ISA_USAGE = YES_ERROR;
				CLANG_WARN_DOCUMENTATION_COMMENTS = YES;
				CLANG_WARN_EMPTY_BODY = YES;
				CLANG_WARN_ENUM_CONVERSION = YES;
				CLANG_WARN_INFINITE_RECURSION = YES;
				CLANG_WARN_INT_CONVERSION = YES;
				CLANG_WARN_NON_LITERAL_NULL_CONVERSION = YES;
				CLANG_WARN_OBJC_IMPLICIT_RETAIN_SELF = YES;
				CLANG_WARN_OBJC_LITERAL_CONVERSION = YES;
				CLANG_WARN_OBJC_ROOT_CLASS = YES_ERROR;
				CLANG_WARN_QUOTED_INCLUDE_IN_FRAMEWORK_HEADER = YES;
				CLANG_WARN_RANGE_LOOP_ANALYSIS = YES;
				CLANG_WARN_STRICT_PROTOTYPES = YES;
				CLANG_WARN_SUSPICIOUS_MOVE = YES;
				CLANG_WARN_UNGUARDED_AVAILABILITY = YES_AGGRESSIVE;
				CLANG_WARN_UNREACHABLE_CODE = YES;
				CLANG_WARN__DUPLICATE_METHOD_MATCH = YES;
				COPY_PHASE_STRIP = NO;
				DEBUG_INFORMATION_FORMAT = dwarf;
				ENABLE_STRICT_OBJC_MSGSEND = YES;
				ENABLE_TESTABILITY = YES;
				GCC_C_LANGUAGE_STANDARD = gnu11;
				GCC_DYNAMIC_NO_PIC = NO;
				GCC_NO_COMMON_BLOCKS = YES;
				GCC_OPTIMIZATION_LEVEL = 0;
				GCC_PREPROCESSOR_DEFINITIONS = (
					"DEBUG=1",
					"$(inherited)",
				);
				GCC_WARN_64_TO_32_BIT_CONVERSION = YES;
				GCC_WARN_ABOUT_RETURN_TYPE = YES_ERROR;
				GCC_WARN_UNDECLARED_SELECTOR = YES;
				GCC_WARN_UNINITIALIZED_AUTOS = YES_AGGRESSIVE;
				GCC_WARN_UNUSED_FUNCTION = YES;
				GCC_WARN_UNUSED_VARIABLE = YES;
				IPHONEOS_DEPLOYMENT_TARGET = 14.0;
				MTL_ENABLE_DEBUG_INFO = INCLUDE_SOURCE;
				MTL_FAST_MATH = YES;
				ONLY_ACTIVE_ARCH = YES;
				SDKROOT = iphoneos;
				SWIFT_ACTIVE_COMPILATION_CONDITIONS = DEBUG;
				SWIFT_OPTIMIZATION_LEVEL = "-Onone";
			};
			name = Debug;
		};
		D41BD8BB283DBCF3004DCD79 /* Release */ = {
			isa = XCBuildConfiguration;
			buildSettings = {
				ALWAYS_SEARCH_USER_PATHS = NO;
				CLANG_ANALYZER_NONNULL = YES;
				CLANG_ANALYZER_NUMBER_OBJECT_CONVERSION = YES_AGGRESSIVE;
				CLANG_CXX_LANGUAGE_STANDARD = "gnu++14";
				CLANG_CXX_LIBRARY = "libc++";
				CLANG_ENABLE_MODULES = YES;
				CLANG_ENABLE_OBJC_ARC = YES;
				CLANG_ENABLE_OBJC_WEAK = YES;
				CLANG_WARN_BLOCK_CAPTURE_AUTORELEASING = YES;
				CLANG_WARN_BOOL_CONVERSION = YES;
				CLANG_WARN_COMMA = YES;
				CLANG_WARN_CONSTANT_CONVERSION = YES;
				CLANG_WARN_DEPRECATED_OBJC_IMPLEMENTATIONS = YES;
				CLANG_WARN_DIRECT_OBJC_ISA_USAGE = YES_ERROR;
				CLANG_WARN_DOCUMENTATION_COMMENTS = YES;
				CLANG_WARN_EMPTY_BODY = YES;
				CLANG_WARN_ENUM_CONVERSION = YES;
				CLANG_WARN_INFINITE_RECURSION = YES;
				CLANG_WARN_INT_CONVERSION = YES;
				CLANG_WARN_NON_LITERAL_NULL_CONVERSION = YES;
				CLANG_WARN_OBJC_IMPLICIT_RETAIN_SELF = YES;
				CLANG_WARN_OBJC_LITERAL_CONVERSION = YES;
				CLANG_WARN_OBJC_ROOT_CLASS = YES_ERROR;
				CLANG_WARN_QUOTED_INCLUDE_IN_FRAMEWORK_HEADER = YES;
				CLANG_WARN_RANGE_LOOP_ANALYSIS = YES;
				CLANG_WARN_STRICT_PROTOTYPES = YES;
				CLANG_WARN_SUSPICIOUS_MOVE = YES;
				CLANG_WARN_UNGUARDED_AVAILABILITY = YES_AGGRESSIVE;
				CLANG_WARN_UNREACHABLE_CODE = YES;
				CLANG_WARN__DUPLICATE_METHOD_MATCH = YES;
				COPY_PHASE_STRIP = NO;
				DEBUG_INFORMATION_FORMAT = "dwarf-with-dsym";
				ENABLE_NS_ASSERTIONS = NO;
				ENABLE_STRICT_OBJC_MSGSEND = YES;
				GCC_C_LANGUAGE_STANDARD = gnu11;
				GCC_NO_COMMON_BLOCKS = YES;
				GCC_WARN_64_TO_32_BIT_CONVERSION = YES;
				GCC_WARN_ABOUT_RETURN_TYPE = YES_ERROR;
				GCC_WARN_UNDECLARED_SELECTOR = YES;
				GCC_WARN_UNINITIALIZED_AUTOS = YES_AGGRESSIVE;
				GCC_WARN_UNUSED_FUNCTION = YES;
				GCC_WARN_UNUSED_VARIABLE = YES;
				IPHONEOS_DEPLOYMENT_TARGET = 14.0;
				MTL_ENABLE_DEBUG_INFO = NO;
				MTL_FAST_MATH = YES;
				SDKROOT = iphoneos;
				SWIFT_COMPILATION_MODE = wholemodule;
				SWIFT_OPTIMIZATION_LEVEL = "-O";
				VALIDATE_PRODUCT = YES;
			};
			name = Release;
		};
		D41BD8BD283DBCF3004DCD79 /* Debug */ = {
			isa = XCBuildConfiguration;
			buildSettings = {
				ASSETCATALOG_COMPILER_APPICON_NAME = AppIcon;
				ASSETCATALOG_COMPILER_GLOBAL_ACCENT_COLOR_NAME = AccentColor;
				CODE_SIGN_STYLE = Automatic;
				INFOPLIST_FILE = MovieKsh/Info.plist;
				LD_RUNPATH_SEARCH_PATHS = (
					"$(inherited)",
					"@executable_path/Frameworks",
				);
				PRODUCT_BUNDLE_IDENTIFIER = kr.ac.induk.ksh.MovieKsh;
				PRODUCT_NAME = "$(TARGET_NAME)";
				SWIFT_VERSION = 5.0;
				TARGETED_DEVICE_FAMILY = "1,2";
			};
			name = Debug;
		};
		D41BD8BE283DBCF3004DCD79 /* Release */ = {
			isa = XCBuildConfiguration;
			buildSettings = {
				ASSETCATALOG_COMPILER_APPICON_NAME = AppIcon;
				ASSETCATALOG_COMPILER_GLOBAL_ACCENT_COLOR_NAME = AccentColor;
				CODE_SIGN_STYLE = Automatic;
				INFOPLIST_FILE = MovieKsh/Info.plist;
				LD_RUNPATH_SEARCH_PATHS = (
					"$(inherited)",
					"@executable_path/Frameworks",
				);
				PRODUCT_BUNDLE_IDENTIFIER = kr.ac.induk.ksh.MovieKsh;
				PRODUCT_NAME = "$(TARGET_NAME)";
				SWIFT_VERSION = 5.0;
				TARGETED_DEVICE_FAMILY = "1,2";
			};
			name = Release;
		};
/* End XCBuildConfiguration section */

/* Begin XCConfigurationList section */
		D41BD8A3283DBCF2004DCD79 /* Build configuration list for PBXProject "MovieKsh" */ = {
			isa = XCConfigurationList;
			buildConfigurations = (
				D41BD8BA283DBCF3004DCD79 /* Debug */,
				D41BD8BB283DBCF3004DCD79 /* Release */,
			);
			defaultConfigurationIsVisible = 0;
			defaultConfigurationName = Release;
		};
		D41BD8BC283DBCF3004DCD79 /* Build configuration list for PBXNativeTarget "MovieKsh" */ = {
			isa = XCConfigurationList;
			buildConfigurations = (
				D41BD8BD283DBCF3004DCD79 /* Debug */,
				D41BD8BE283DBCF3004DCD79 /* Release */,
			);
			defaultConfigurationIsVisible = 0;
			defaultConfigurationName = Release;
		};
/* End XCConfigurationList section */
	};
	rootObject = D41BD8A0283DBCF2004DCD79 /* Project object */;
}
